
Microsoft Visual Studio Solution File, Format Version 12.00
# Visual Studio Version 17
VisualStudioVersion = 17.0.31903.59
MinimumVisualStudioVersion = 10.0.40219.1
Project("{2150E333-8FDC-42A3-9474-1A3956D46DE8}") = "src", "src", "{827E0CD3-B72D-47B6-A68D-7590B98EB39B}"
EndProject
Project("{FAE04EC0-301F-11D3-BF4B-00C04F79EFBC}") = "Ch01.GettingStarted.Stdio", "src\Ch01.GettingStarted.Stdio\Ch01.GettingStarted.Stdio.csproj", "{AC7D2D24-4D17-4E3B-B3AC-5EA7474615B5}"
EndProject
Project("{2150E333-8FDC-42A3-9474-1A3956D46DE8}") = "Solution Items", "Solution Items", "{1592D95C-D841-48A3-A482-C0C7459B359B}"
	ProjectSection(SolutionItems) = preProject
		.editorconfig = .editorconfig
		.gitattributes = .gitattributes
		.gitignore = .gitignore
		CLAUDE.md = CLAUDE.md
		Directory.Build.props = Directory.Build.props
		Directory.Packages.props = Directory.Packages.props
		global.json = global.json
		README.md = README.md
	EndProjectSection
EndProject
Project("{2150E333-8FDC-42A3-9474-1A3956D46DE8}") = "Ch01.Hello.AspNetCoreMcp", "Ch01.Hello.AspNetCoreMcp", "{02EA681E-C7D8-13C7-8484-4AC65E1B71E8}"
EndProject
Project("{FAE04EC0-301F-11D3-BF4B-00C04F79EFBC}") = "Hello.AspNetCoreMcp.ApiService", "src\Ch01.GettingStarted.Http\Hello.AspNetCoreMcp.ApiService\Hello.AspNetCoreMcp.ApiService.csproj", "{B90708F2-458B-41BC-97BD-297D49ED70A1}"
EndProject
Project("{FAE04EC0-301F-11D3-BF4B-00C04F79EFBC}") = "Hello.AspNetCoreMcp.AppHost", "src\Ch01.GettingStarted.Http\Hello.AspNetCoreMcp.AppHost\Hello.AspNetCoreMcp.AppHost.csproj", "{8437A276-9349-41D3-8E60-DE795001FC32}"
EndProject
Project("{FAE04EC0-301F-11D3-BF4B-00C04F79EFBC}") = "Hello.AspNetCoreMcp.McpServer", "src\Ch01.GettingStarted.Http\Hello.AspNetCoreMcp.McpServer\Hello.AspNetCoreMcp.McpServer.csproj", "{FE2EFC98-5170-44C7-8523-760BBFE6F2B7}"
EndProject
Project("{FAE04EC0-301F-11D3-BF4B-00C04F79EFBC}") = "Hello.AspNetCoreMcp.ServiceDefaults", "src\Ch01.GettingStarted.Http\Hello.AspNetCoreMcp.ServiceDefaults\Hello.AspNetCoreMcp.ServiceDefaults.csproj", "{01A05408-679A-4762-B1F2-C8F613D77ECE}"
EndProject
Project("{2150E333-8FDC-42A3-9474-1A3956D46DE8}") = "Ch02.CreatingMcpServerForApi", "Ch02.CreatingMcpServerForApi", "{BA74CF4B-8A35-463F-8812-F74D06B796D1}"
EndProject
Project("{FAE04EC0-301F-11D3-BF4B-00C04F79EFBC}") = "CarvedRock.Api", "src\Ch02.CreatingMcpServer\CarvedRock.Api\CarvedRock.Api.csproj", "{06B8BC59-F903-4154-ABD6-BBA004311160}"
EndProject
Project("{FAE04EC0-301F-11D3-BF4B-00C04F79EFBC}") = "CarvedRock.Domain", "src\Ch02.CreatingMcpServer\CarvedRock.Domain\CarvedRock.Domain.csproj", "{F5159CF7-7846-4D8A-A104-3D54ACE8AF78}"
EndProject
Project("{FAE04EC0-301F-11D3-BF4B-00C04F79EFBC}") = "CarvedRock.Data", "src\Ch02.CreatingMcpServer\CarvedRock.Data\CarvedRock.Data.csproj", "{A68B4317-5F7F-416F-AACD-D4D15E7A6494}"
EndProject
Project("{FAE04EC0-301F-11D3-BF4B-00C04F79EFBC}") = "CarvedRock.Core", "src\Ch02.CreatingMcpServer\CarvedRock.Core\CarvedRock.Core.csproj", "{227A4404-1CCA-4F96-A93B-5D2913083FDF}"
EndProject
Project("{FAE04EC0-301F-11D3-BF4B-00C04F79EFBC}") = "CarvedRock.Mcp", "src\Ch02.CreatingMcpServer\CarvedRock.Mcp\CarvedRock.Mcp.csproj", "{F43E4CE4-99B5-4459-9403-7F502CEB7CFF}"
EndProject
Project("{FAE04EC0-301F-11D3-BF4B-00C04F79EFBC}") = "CarvedRock.WebApp", "src\Ch02.CreatingMcpServer\CarvedRock.WebApp\CarvedRock.WebApp.csproj", "{2A17600F-05CD-4D4F-AF81-4A53CD37F22A}"
EndProject
Project("{FAE04EC0-301F-11D3-BF4B-00C04F79EFBC}") = "MailKit.Client", "src\Ch02.CreatingMcpServer\MailKit.Client\MailKit.Client.csproj", "{57153A7A-8D55-4117-AEBC-CD81A349C633}"
EndProject
Project("{FAE04EC0-301F-11D3-BF4B-00C04F79EFBC}") = "CarvedRock-Aspire.AppHost", "src\Ch02.CreatingMcpServer\CarvedRock-Aspire.AppHost\CarvedRock-Aspire.AppHost.csproj", "{2AF723F7-904D-47A1-A818-BEF4AE80667B}"
EndProject
Project("{FAE04EC0-301F-11D3-BF4B-00C04F79EFBC}") = "CarvedRock-Aspire.ServiceDefaults", "src\Ch02.CreatingMcpServer\CarvedRock-Aspire.ServiceDefaults\CarvedRock-Aspire.ServiceDefaults.csproj", "{17697022-DE97-4F90-8627-CDB823D6A725}"
EndProject
Project("{2150E333-8FDC-42A3-9474-1A3956D46DE8}") = "tests", "tests", "{A9DF9A8B-5E0F-6755-AA92-6875DBC9B657}"
EndProject
Project("{FAE04EC0-301F-11D3-BF4B-00C04F79EFBC}") = "CarvedRock.IntegrationTests", "src\Ch02.CreatingMcpServer\tests\CarvedRock.IntegrationTests\CarvedRock.IntegrationTests.csproj", "{AF0ECB7D-5DCD-4A01-91ED-28F2AFB86C44}"
EndProject
Global
	GlobalSection(SolutionConfigurationPlatforms) = preSolution
		Debug|Any CPU = Debug|Any CPU
		Debug|x64 = Debug|x64
		Debug|x86 = Debug|x86
		Release|Any CPU = Release|Any CPU
		Release|x64 = Release|x64
		Release|x86 = Release|x86
	EndGlobalSection
	GlobalSection(ProjectConfigurationPlatforms) = postSolution
		{AC7D2D24-4D17-4E3B-B3AC-5EA7474615B5}.Debug|Any CPU.ActiveCfg = Debug|Any CPU
		{AC7D2D24-4D17-4E3B-B3AC-5EA7474615B5}.Debug|Any CPU.Build.0 = Debug|Any CPU
		{AC7D2D24-4D17-4E3B-B3AC-5EA7474615B5}.Debug|x64.ActiveCfg = Debug|Any CPU
		{AC7D2D24-4D17-4E3B-B3AC-5EA7474615B5}.Debug|x64.Build.0 = Debug|Any CPU
		{AC7D2D24-4D17-4E3B-B3AC-5EA7474615B5}.Debug|x86.ActiveCfg = Debug|Any CPU
		{AC7D2D24-4D17-4E3B-B3AC-5EA7474615B5}.Debug|x86.Build.0 = Debug|Any CPU
		{AC7D2D24-4D17-4E3B-B3AC-5EA7474615B5}.Release|Any CPU.ActiveCfg = Release|Any CPU
		{AC7D2D24-4D17-4E3B-B3AC-5EA7474615B5}.Release|Any CPU.Build.0 = Release|Any CPU
		{AC7D2D24-4D17-4E3B-B3AC-5EA7474615B5}.Release|x64.ActiveCfg = Release|Any CPU
		{AC7D2D24-4D17-4E3B-B3AC-5EA7474615B5}.Release|x64.Build.0 = Release|Any CPU
		{AC7D2D24-4D17-4E3B-B3AC-5EA7474615B5}.Release|x86.ActiveCfg = Release|Any CPU
		{AC7D2D24-4D17-4E3B-B3AC-5EA7474615B5}.Release|x86.Build.0 = Release|Any CPU
		{B90708F2-458B-41BC-97BD-297D49ED70A1}.Debug|Any CPU.ActiveCfg = Debug|Any CPU
		{B90708F2-458B-41BC-97BD-297D49ED70A1}.Debug|Any CPU.Build.0 = Debug|Any CPU
		{B90708F2-458B-41BC-97BD-297D49ED70A1}.Debug|x64.ActiveCfg = Debug|Any CPU
		{B90708F2-458B-41BC-97BD-297D49ED70A1}.Debug|x64.Build.0 = Debug|Any CPU
		{B90708F2-458B-41BC-97BD-297D49ED70A1}.Debug|x86.ActiveCfg = Debug|Any CPU
		{B90708F2-458B-41BC-97BD-297D49ED70A1}.Debug|x86.Build.0 = Debug|Any CPU
		{B90708F2-458B-41BC-97BD-297D49ED70A1}.Release|Any CPU.ActiveCfg = Release|Any CPU
		{B90708F2-458B-41BC-97BD-297D49ED70A1}.Release|Any CPU.Build.0 = Release|Any CPU
		{B90708F2-458B-41BC-97BD-297D49ED70A1}.Release|x64.ActiveCfg = Release|Any CPU
		{B90708F2-458B-41BC-97BD-297D49ED70A1}.Release|x64.Build.0 = Release|Any CPU
		{B90708F2-458B-41BC-97BD-297D49ED70A1}.Release|x86.ActiveCfg = Release|Any CPU
		{B90708F2-458B-41BC-97BD-297D49ED70A1}.Release|x86.Build.0 = Release|Any CPU
		{8437A276-9349-41D3-8E60-DE795001FC32}.Debug|Any CPU.ActiveCfg = Debug|Any CPU
		{8437A276-9349-41D3-8E60-DE795001FC32}.Debug|Any CPU.Build.0 = Debug|Any CPU
		{8437A276-9349-41D3-8E60-DE795001FC32}.Debug|x64.ActiveCfg = Debug|Any CPU
		{8437A276-9349-41D3-8E60-DE795001FC32}.Debug|x64.Build.0 = Debug|Any CPU
		{8437A276-9349-41D3-8E60-DE795001FC32}.Debug|x86.ActiveCfg = Debug|Any CPU
		{8437A276-9349-41D3-8E60-DE795001FC32}.Debug|x86.Build.0 = Debug|Any CPU
		{8437A276-9349-41D3-8E60-DE795001FC32}.Release|Any CPU.ActiveCfg = Release|Any CPU
		{8437A276-9349-41D3-8E60-DE795001FC32}.Release|Any CPU.Build.0 = Release|Any CPU
		{8437A276-9349-41D3-8E60-DE795001FC32}.Release|x64.ActiveCfg = Release|Any CPU
		{8437A276-9349-41D3-8E60-DE795001FC32}.Release|x64.Build.0 = Release|Any CPU
		{8437A276-9349-41D3-8E60-DE795001FC32}.Release|x86.ActiveCfg = Release|Any CPU
		{8437A276-9349-41D3-8E60-DE795001FC32}.Release|x86.Build.0 = Release|Any CPU
		{FE2EFC98-5170-44C7-8523-760BBFE6F2B7}.Debug|Any CPU.ActiveCfg = Debug|Any CPU
		{FE2EFC98-5170-44C7-8523-760BBFE6F2B7}.Debug|Any CPU.Build.0 = Debug|Any CPU
		{FE2EFC98-5170-44C7-8523-760BBFE6F2B7}.Debug|x64.ActiveCfg = Debug|Any CPU
		{FE2EFC98-5170-44C7-8523-760BBFE6F2B7}.Debug|x64.Build.0 = Debug|Any CPU
		{FE2EFC98-5170-44C7-8523-760BBFE6F2B7}.Debug|x86.ActiveCfg = Debug|Any CPU
		{FE2EFC98-5170-44C7-8523-760BBFE6F2B7}.Debug|x86.Build.0 = Debug|Any CPU
		{FE2EFC98-5170-44C7-8523-760BBFE6F2B7}.Release|Any CPU.ActiveCfg = Release|Any CPU
		{FE2EFC98-5170-44C7-8523-760BBFE6F2B7}.Release|Any CPU.Build.0 = Release|Any CPU
		{FE2EFC98-5170-44C7-8523-760BBFE6F2B7}.Release|x64.ActiveCfg = Release|Any CPU
		{FE2EFC98-5170-44C7-8523-760BBFE6F2B7}.Release|x64.Build.0 = Release|Any CPU
		{FE2EFC98-5170-44C7-8523-760BBFE6F2B7}.Release|x86.ActiveCfg = Release|Any CPU
		{FE2EFC98-5170-44C7-8523-760BBFE6F2B7}.Release|x86.Build.0 = Release|Any CPU
		{01A05408-679A-4762-B1F2-C8F613D77ECE}.Debug|Any CPU.ActiveCfg = Debug|Any CPU
		{01A05408-679A-4762-B1F2-C8F613D77ECE}.Debug|Any CPU.Build.0 = Debug|Any CPU
		{01A05408-679A-4762-B1F2-C8F613D77ECE}.Debug|x64.ActiveCfg = Debug|Any CPU
		{01A05408-679A-4762-B1F2-C8F613D77ECE}.Debug|x64.Build.0 = Debug|Any CPU
		{01A05408-679A-4762-B1F2-C8F613D77ECE}.Debug|x86.ActiveCfg = Debug|Any CPU
		{01A05408-679A-4762-B1F2-C8F613D77ECE}.Debug|x86.Build.0 = Debug|Any CPU
		{01A05408-679A-4762-B1F2-C8F613D77ECE}.Release|Any CPU.ActiveCfg = Release|Any CPU
		{01A05408-679A-4762-B1F2-C8F613D77ECE}.Release|Any CPU.Build.0 = Release|Any CPU
		{01A05408-679A-4762-B1F2-C8F613D77ECE}.Release|x64.ActiveCfg = Release|Any CPU
		{01A05408-679A-4762-B1F2-C8F613D77ECE}.Release|x64.Build.0 = Release|Any CPU
		{01A05408-679A-4762-B1F2-C8F613D77ECE}.Release|x86.ActiveCfg = Release|Any CPU
		{01A05408-679A-4762-B1F2-C8F613D77ECE}.Release|x86.Build.0 = Release|Any CPU
		{06B8BC59-F903-4154-ABD6-BBA004311160}.Debug|Any CPU.ActiveCfg = Debug|Any CPU
		{06B8BC59-F903-4154-ABD6-BBA004311160}.Debug|Any CPU.Build.0 = Debug|Any CPU
		{06B8BC59-F903-4154-ABD6-BBA004311160}.Debug|x64.ActiveCfg = Debug|Any CPU
		{06B8BC59-F903-4154-ABD6-BBA004311160}.Debug|x64.Build.0 = Debug|Any CPU
		{06B8BC59-F903-4154-ABD6-BBA004311160}.Debug|x86.ActiveCfg = Debug|Any CPU
		{06B8BC59-F903-4154-ABD6-BBA004311160}.Debug|x86.Build.0 = Debug|Any CPU
		{06B8BC59-F903-4154-ABD6-BBA004311160}.Release|Any CPU.ActiveCfg = Release|Any CPU
		{06B8BC59-F903-4154-ABD6-BBA004311160}.Release|Any CPU.Build.0 = Release|Any CPU
		{06B8BC59-F903-4154-ABD6-BBA004311160}.Release|x64.ActiveCfg = Release|Any CPU
		{06B8BC59-F903-4154-ABD6-BBA004311160}.Release|x64.Build.0 = Release|Any CPU
		{06B8BC59-F903-4154-ABD6-BBA004311160}.Release|x86.ActiveCfg = Release|Any CPU
		{06B8BC59-F903-4154-ABD6-BBA004311160}.Release|x86.Build.0 = Release|Any CPU
		{F5159CF7-7846-4D8A-A104-3D54ACE8AF78}.Debug|Any CPU.ActiveCfg = Debug|Any CPU
		{F5159CF7-7846-4D8A-A104-3D54ACE8AF78}.Debug|Any CPU.Build.0 = Debug|Any CPU
		{F5159CF7-7846-4D8A-A104-3D54ACE8AF78}.Debug|x64.ActiveCfg = Debug|Any CPU
		{F5159CF7-7846-4D8A-A104-3D54ACE8AF78}.Debug|x64.Build.0 = Debug|Any CPU
		{F5159CF7-7846-4D8A-A104-3D54ACE8AF78}.Debug|x86.ActiveCfg = Debug|Any CPU
		{F5159CF7-7846-4D8A-A104-3D54ACE8AF78}.Debug|x86.Build.0 = Debug|Any CPU
		{F5159CF7-7846-4D8A-A104-3D54ACE8AF78}.Release|Any CPU.ActiveCfg = Release|Any CPU
		{F5159CF7-7846-4D8A-A104-3D54ACE8AF78}.Release|Any CPU.Build.0 = Release|Any CPU
		{F5159CF7-7846-4D8A-A104-3D54ACE8AF78}.Release|x64.ActiveCfg = Release|Any CPU
		{F5159CF7-7846-4D8A-A104-3D54ACE8AF78}.Release|x64.Build.0 = Release|Any CPU
		{F5159CF7-7846-4D8A-A104-3D54ACE8AF78}.Release|x86.ActiveCfg = Release|Any CPU
		{F5159CF7-7846-4D8A-A104-3D54ACE8AF78}.Release|x86.Build.0 = Release|Any CPU
		{A68B4317-5F7F-416F-AACD-D4D15E7A6494}.Debug|Any CPU.ActiveCfg = Debug|Any CPU
		{A68B4317-5F7F-416F-AACD-D4D15E7A6494}.Debug|Any CPU.Build.0 = Debug|Any CPU
		{A68B4317-5F7F-416F-AACD-D4D15E7A6494}.Debug|x64.ActiveCfg = Debug|Any CPU
		{A68B4317-5F7F-416F-AACD-D4D15E7A6494}.Debug|x64.Build.0 = Debug|Any CPU
		{A68B4317-5F7F-416F-AACD-D4D15E7A6494}.Debug|x86.ActiveCfg = Debug|Any CPU
		{A68B4317-5F7F-416F-AACD-D4D15E7A6494}.Debug|x86.Build.0 = Debug|Any CPU
		{A68B4317-5F7F-416F-AACD-D4D15E7A6494}.Release|Any CPU.ActiveCfg = Release|Any CPU
		{A68B4317-5F7F-416F-AACD-D4D15E7A6494}.Release|Any CPU.Build.0 = Release|Any CPU
		{A68B4317-5F7F-416F-AACD-D4D15E7A6494}.Release|x64.ActiveCfg = Release|Any CPU
		{A68B4317-5F7F-416F-AACD-D4D15E7A6494}.Release|x64.Build.0 = Release|Any CPU
		{A68B4317-5F7F-416F-AACD-D4D15E7A6494}.Release|x86.ActiveCfg = Release|Any CPU
		{A68B4317-5F7F-416F-AACD-D4D15E7A6494}.Release|x86.Build.0 = Release|Any CPU
		{227A4404-1CCA-4F96-A93B-5D2913083FDF}.Debug|Any CPU.ActiveCfg = Debug|Any CPU
		{227A4404-1CCA-4F96-A93B-5D2913083FDF}.Debug|Any CPU.Build.0 = Debug|Any CPU
		{227A4404-1CCA-4F96-A93B-5D2913083FDF}.Debug|x64.ActiveCfg = Debug|Any CPU
		{227A4404-1CCA-4F96-A93B-5D2913083FDF}.Debug|x64.Build.0 = Debug|Any CPU
		{227A4404-1CCA-4F96-A93B-5D2913083FDF}.Debug|x86.ActiveCfg = Debug|Any CPU
		{227A4404-1CCA-4F96-A93B-5D2913083FDF}.Debug|x86.Build.0 = Debug|Any CPU
		{227A4404-1CCA-4F96-A93B-5D2913083FDF}.Release|Any CPU.ActiveCfg = Release|Any CPU
		{227A4404-1CCA-4F96-A93B-5D2913083FDF}.Release|Any CPU.Build.0 = Release|Any CPU
		{227A4404-1CCA-4F96-A93B-5D2913083FDF}.Release|x64.ActiveCfg = Release|Any CPU
		{227A4404-1CCA-4F96-A93B-5D2913083FDF}.Release|x64.Build.0 = Release|Any CPU
		{227A4404-1CCA-4F96-A93B-5D2913083FDF}.Release|x86.ActiveCfg = Release|Any CPU
		{227A4404-1CCA-4F96-A93B-5D2913083FDF}.Release|x86.Build.0 = Release|Any CPU
		{F43E4CE4-99B5-4459-9403-7F502CEB7CFF}.Debug|Any CPU.ActiveCfg = Debug|Any CPU
		{F43E4CE4-99B5-4459-9403-7F502CEB7CFF}.Debug|Any CPU.Build.0 = Debug|Any CPU
		{F43E4CE4-99B5-4459-9403-7F502CEB7CFF}.Debug|x64.ActiveCfg = Debug|Any CPU
		{F43E4CE4-99B5-4459-9403-7F502CEB7CFF}.Debug|x64.Build.0 = Debug|Any CPU
		{F43E4CE4-99B5-4459-9403-7F502CEB7CFF}.Debug|x86.ActiveCfg = Debug|Any CPU
		{F43E4CE4-99B5-4459-9403-7F502CEB7CFF}.Debug|x86.Build.0 = Debug|Any CPU
		{F43E4CE4-99B5-4459-9403-7F502CEB7CFF}.Release|Any CPU.ActiveCfg = Release|Any CPU
		{F43E4CE4-99B5-4459-9403-7F502CEB7CFF}.Release|Any CPU.Build.0 = Release|Any CPU
		{F43E4CE4-99B5-4459-9403-7F502CEB7CFF}.Release|x64.ActiveCfg = Release|Any CPU
		{F43E4CE4-99B5-4459-9403-7F502CEB7CFF}.Release|x64.Build.0 = Release|Any CPU
		{F43E4CE4-99B5-4459-9403-7F502CEB7CFF}.Release|x86.ActiveCfg = Release|Any CPU
		{F43E4CE4-99B5-4459-9403-7F502CEB7CFF}.Release|x86.Build.0 = Release|Any CPU
		{2A17600F-05CD-4D4F-AF81-4A53CD37F22A}.Debug|Any CPU.ActiveCfg = Debug|Any CPU
		{2A17600F-05CD-4D4F-AF81-4A53CD37F22A}.Debug|Any CPU.Build.0 = Debug|Any CPU
		{2A17600F-05CD-4D4F-AF81-4A53CD37F22A}.Debug|x64.ActiveCfg = Debug|Any CPU
		{2A17600F-05CD-4D4F-AF81-4A53CD37F22A}.Debug|x64.Build.0 = Debug|Any CPU
		{2A17600F-05CD-4D4F-AF81-4A53CD37F22A}.Debug|x86.ActiveCfg = Debug|Any CPU
		{2A17600F-05CD-4D4F-AF81-4A53CD37F22A}.Debug|x86.Build.0 = Debug|Any CPU
		{2A17600F-05CD-4D4F-AF81-4A53CD37F22A}.Release|Any CPU.ActiveCfg = Release|Any CPU
		{2A17600F-05CD-4D4F-AF81-4A53CD37F22A}.Release|Any CPU.Build.0 = Release|Any CPU
		{2A17600F-05CD-4D4F-AF81-4A53CD37F22A}.Release|x64.ActiveCfg = Release|Any CPU
		{2A17600F-05CD-4D4F-AF81-4A53CD37F22A}.Release|x64.Build.0 = Release|Any CPU
		{2A17600F-05CD-4D4F-AF81-4A53CD37F22A}.Release|x86.ActiveCfg = Release|Any CPU
		{2A17600F-05CD-4D4F-AF81-4A53CD37F22A}.Release|x86.Build.0 = Release|Any CPU
		{57153A7A-8D55-4117-AEBC-CD81A349C633}.Debug|Any CPU.ActiveCfg = Debug|Any CPU
		{57153A7A-8D55-4117-AEBC-CD81A349C633}.Debug|Any CPU.Build.0 = Debug|Any CPU
		{57153A7A-8D55-4117-AEBC-CD81A349C633}.Debug|x64.ActiveCfg = Debug|Any CPU
		{57153A7A-8D55-4117-AEBC-CD81A349C633}.Debug|x64.Build.0 = Debug|Any CPU
		{57153A7A-8D55-4117-AEBC-CD81A349C633}.Debug|x86.ActiveCfg = Debug|Any CPU
		{57153A7A-8D55-4117-AEBC-CD81A349C633}.Debug|x86.Build.0 = Debug|Any CPU
		{57153A7A-8D55-4117-AEBC-CD81A349C633}.Release|Any CPU.ActiveCfg = Release|Any CPU
		{57153A7A-8D55-4117-AEBC-CD81A349C633}.Release|Any CPU.Build.0 = Release|Any CPU
		{57153A7A-8D55-4117-AEBC-CD81A349C633}.Release|x64.ActiveCfg = Release|Any CPU
		{57153A7A-8D55-4117-AEBC-CD81A349C633}.Release|x64.Build.0 = Release|Any CPU
		{57153A7A-8D55-4117-AEBC-CD81A349C633}.Release|x86.ActiveCfg = Release|Any CPU
		{57153A7A-8D55-4117-AEBC-CD81A349C633}.Release|x86.Build.0 = Release|Any CPU
		{2AF723F7-904D-47A1-A818-BEF4AE80667B}.Debug|Any CPU.ActiveCfg = Debug|Any CPU
		{2AF723F7-904D-47A1-A818-BEF4AE80667B}.Debug|Any CPU.Build.0 = Debug|Any CPU
		{2AF723F7-904D-47A1-A818-BEF4AE80667B}.Debug|x64.ActiveCfg = Debug|Any CPU
		{2AF723F7-904D-47A1-A818-BEF4AE80667B}.Debug|x64.Build.0 = Debug|Any CPU
		{2AF723F7-904D-47A1-A818-BEF4AE80667B}.Debug|x86.ActiveCfg = Debug|Any CPU
		{2AF723F7-904D-47A1-A818-BEF4AE80667B}.Debug|x86.Build.0 = Debug|Any CPU
		{2AF723F7-904D-47A1-A818-BEF4AE80667B}.Release|Any CPU.ActiveCfg = Release|Any CPU
		{2AF723F7-904D-47A1-A818-BEF4AE80667B}.Release|Any CPU.Build.0 = Release|Any CPU
		{2AF723F7-904D-47A1-A818-BEF4AE80667B}.Release|x64.ActiveCfg = Release|Any CPU
		{2AF723F7-904D-47A1-A818-BEF4AE80667B}.Release|x64.Build.0 = Release|Any CPU
		{2AF723F7-904D-47A1-A818-BEF4AE80667B}.Release|x86.ActiveCfg = Release|Any CPU
		{2AF723F7-904D-47A1-A818-BEF4AE80667B}.Release|x86.Build.0 = Release|Any CPU
		{17697022-DE97-4F90-8627-CDB823D6A725}.Debug|Any CPU.ActiveCfg = Debug|Any CPU
		{17697022-DE97-4F90-8627-CDB823D6A725}.Debug|Any CPU.Build.0 = Debug|Any CPU
		{17697022-DE97-4F90-8627-CDB823D6A725}.Debug|x64.ActiveCfg = Debug|Any CPU
		{17697022-DE97-4F90-8627-CDB823D6A725}.Debug|x64.Build.0 = Debug|Any CPU
		{17697022-DE97-4F90-8627-CDB823D6A725}.Debug|x86.ActiveCfg = Debug|Any CPU
		{17697022-DE97-4F90-8627-CDB823D6A725}.Debug|x86.Build.0 = Debug|Any CPU
		{17697022-DE97-4F90-8627-CDB823D6A725}.Release|Any CPU.ActiveCfg = Release|Any CPU
		{17697022-DE97-4F90-8627-CDB823D6A725}.Release|Any CPU.Build.0 = Release|Any CPU
		{17697022-DE97-4F90-8627-CDB823D6A725}.Release|x64.ActiveCfg = Release|Any CPU
		{17697022-DE97-4F90-8627-CDB823D6A725}.Release|x64.Build.0 = Release|Any CPU
		{17697022-DE97-4F90-8627-CDB823D6A725}.Release|x86.ActiveCfg = Release|Any CPU
		{17697022-DE97-4F90-8627-CDB823D6A725}.Release|x86.Build.0 = Release|Any CPU
		{AF0ECB7D-5DCD-4A01-91ED-28F2AFB86C44}.Debug|Any CPU.ActiveCfg = Debug|Any CPU
		{AF0ECB7D-5DCD-4A01-91ED-28F2AFB86C44}.Debug|Any CPU.Build.0 = Debug|Any CPU
		{AF0ECB7D-5DCD-4A01-91ED-28F2AFB86C44}.Debug|x64.ActiveCfg = Debug|Any CPU
		{AF0ECB7D-5DCD-4A01-91ED-28F2AFB86C44}.Debug|x64.Build.0 = Debug|Any CPU
		{AF0ECB7D-5DCD-4A01-91ED-28F2AFB86C44}.Debug|x86.ActiveCfg = Debug|Any CPU
		{AF0ECB7D-5DCD-4A01-91ED-28F2AFB86C44}.Debug|x86.Build.0 = Debug|Any CPU
		{AF0ECB7D-5DCD-4A01-91ED-28F2AFB86C44}.Release|Any CPU.ActiveCfg = Release|Any CPU
		{AF0ECB7D-5DCD-4A01-91ED-28F2AFB86C44}.Release|Any CPU.Build.0 = Release|Any CPU
		{AF0ECB7D-5DCD-4A01-91ED-28F2AFB86C44}.Release|x64.ActiveCfg = Release|Any CPU
		{AF0ECB7D-5DCD-4A01-91ED-28F2AFB86C44}.Release|x64.Build.0 = Release|Any CPU
		{AF0ECB7D-5DCD-4A01-91ED-28F2AFB86C44}.Release|x86.ActiveCfg = Release|Any CPU
		{AF0ECB7D-5DCD-4A01-91ED-28F2AFB86C44}.Release|x86.Build.0 = Release|Any CPU
	EndGlobalSection
	GlobalSection(SolutionProperties) = preSolution
		HideSolutionNode = FALSE
	EndGlobalSection
	GlobalSection(NestedProjects) = preSolution
		{AC7D2D24-4D17-4E3B-B3AC-5EA7474615B5} = {827E0CD3-B72D-47B6-A68D-7590B98EB39B}
		{02EA681E-C7D8-13C7-8484-4AC65E1B71E8} = {827E0CD3-B72D-47B6-A68D-7590B98EB39B}
		{B90708F2-458B-41BC-97BD-297D49ED70A1} = {02EA681E-C7D8-13C7-8484-4AC65E1B71E8}
		{8437A276-9349-41D3-8E60-DE795001FC32} = {02EA681E-C7D8-13C7-8484-4AC65E1B71E8}
		{FE2EFC98-5170-44C7-8523-760BBFE6F2B7} = {02EA681E-C7D8-13C7-8484-4AC65E1B71E8}
		{01A05408-679A-4762-B1F2-C8F613D77ECE} = {02EA681E-C7D8-13C7-8484-4AC65E1B71E8}
		{BA74CF4B-8A35-463F-8812-F74D06B796D1} = {827E0CD3-B72D-47B6-A68D-7590B98EB39B}
		{06B8BC59-F903-4154-ABD6-BBA004311160} = {BA74CF4B-8A35-463F-8812-F74D06B796D1}
		{F5159CF7-7846-4D8A-A104-3D54ACE8AF78} = {BA74CF4B-8A35-463F-8812-F74D06B796D1}
		{A68B4317-5F7F-416F-AACD-D4D15E7A6494} = {BA74CF4B-8A35-463F-8812-F74D06B796D1}
		{227A4404-1CCA-4F96-A93B-5D2913083FDF} = {BA74CF4B-8A35-463F-8812-F74D06B796D1}
		{F43E4CE4-99B5-4459-9403-7F502CEB7CFF} = {BA74CF4B-8A35-463F-8812-F74D06B796D1}
		{2A17600F-05CD-4D4F-AF81-4A53CD37F22A} = {BA74CF4B-8A35-463F-8812-F74D06B796D1}
		{57153A7A-8D55-4117-AEBC-CD81A349C633} = {BA74CF4B-8A35-463F-8812-F74D06B796D1}
		{2AF723F7-904D-47A1-A818-BEF4AE80667B} = {BA74CF4B-8A35-463F-8812-F74D06B796D1}
		{17697022-DE97-4F90-8627-CDB823D6A725} = {BA74CF4B-8A35-463F-8812-F74D06B796D1}
		{A9DF9A8B-5E0F-6755-AA92-6875DBC9B657} = {BA74CF4B-8A35-463F-8812-F74D06B796D1}
		{AF0ECB7D-5DCD-4A01-91ED-28F2AFB86C44} = {A9DF9A8B-5E0F-6755-AA92-6875DBC9B657}
	EndGlobalSection
	GlobalSection(ExtensibilityGlobals) = postSolution
		SolutionGuid = {8DB6568F-1C35-4BC8-B1C9-D04301D27352}
	EndGlobalSection
EndGlobal
